<?xml version="1.0" encoding="utf-8"?>
<Project ToolsVersion="4.0" xmlns="http://schemas.microsoft.com/developer/msbuild/2003">
  <ItemGroup>
    <ClCompile Include="Sorce\WinMain.cpp" />
    <ClCompile Include="Sorce\Exception.cpp" />
    <ClCompile Include="Sorce\Framework.cpp" />
    <ClCompile Include="Sorce\Scene.cpp" />
    <ClCompile Include="Sorce\TitleScene.cpp" />
    <ClCompile Include="Sorce\SceneManager.cpp" />
    <ClCompile Include="Sorce\OutputLog.cpp" />
    <ClCompile Include="Sorce\Fps.cpp" />
    <ClCompile Include="Sorce\KeyPushed.cpp" />
    <ClCompile Include="Sorce\SelectionMenu.cpp" />
    <ClCompile Include="Sorce\TrainingScene.cpp" />
  </ItemGroup>
  <ItemGroup>
    <ClInclude Include="Sorce\Exception.h" />
    <ClInclude Include="Sorce\Framework.h" />
    <ClInclude Include="Sorce\Scene.h" />
    <ClInclude Include="Sorce\TitleScene.h" />
    <ClInclude Include="Sorce\SceneManager.h" />
    <ClInclude Include="Sorce\Base.h" />
    <ClInclude Include="Sorce\OutputLog.h" />
    <ClInclude Include="Sorce\Fps.h" />
    <ClInclude Include="Sorce\KeyPushed.h" />
    <ClInclude Include="Sorce\SelectionMenu.h" />
    <ClInclude Include="Sorce\TrainingScene.h" />
  </ItemGroup>
  <ItemGroup>
    <None Include="ClassDiagram.cd" />
  </ItemGroup>
</Project>